# This file was autogenerated by uv via the following command:
#    uv pip compile apps/desktop/runtime-requirements.in --universal --python-version 3.12 --output-file apps/desktop/runtime-requirements.lock
aiosqlite==0.22.1
    # via langgraph-checkpoint-sqlite
annotated-doc==0.0.4
    # via fastapi
annotated-types==0.7.0
    # via pydantic
anthropic==1.6.0
    # via langchain-anthropic
anyio==4.14.2
    # via
    #   anthropic
    #   google-genai
    #   httpx
    #   httpx2
    #   langsmith
    #   openai
    #   starlette
av==18.1.0
    # via faster-whisper
bracex==3.0.1
    # via wcmatch
certifi==2026.7.22
    # via
    #   httpcore
    #   httpx
    #   langchain-openai
    #   requests
cffi==2.1.1 ; platform_python_implementation != 'PyPy'
    # via cryptography
charset-normalizer==3.4.9
    # via requests
click==8.4.2
    # via
    #   huggingface-hub
    #   scenedetect
    #   uvicorn
colorama==0.4.6 ; sys_platform == 'win32'
    # via
    #   click
    #   qrcode
    #   tqdm
crcmod==1.7
    # via tos
cryptography==50.0.1
    # via google-auth
ctranslate2==4.8.1
    # via faster-whisper
deepagents==0.7.15
    # via -r apps/desktop/runtime-requirements.in
deprecated==1.3.1
    # via tos
distro==1.9.0
    # via
    #   google-genai
    #   langsmith
docstring-parser==0.18.0
    # via anthropic
fastapi==0.139.2
    # via -r apps/desktop/runtime-requirements.in
faster-whisper==1.2.1
    # via -r apps/desktop/runtime-requirements.in
filelock==3.32.3
    # via huggingface-hub
filetype==1.2.0
    # via langchain-google-genai
flatbuffers==25.12.19
    # via onnxruntime
fonttools==4.65.0
    # via -r apps/desktop/runtime-requirements.in
fsspec==2026.7.0
    # via huggingface-hub
google-auth==2.58.0
    # via google-genai
google-genai==2.24.0
    # via langchain-google-genai
greenlet==3.5.5
    # via playwright
h11==0.16.0
    # via
    #   httpcore
    #   httpcore2
    #   uvicorn
hf-xet==1.6.0 ; platform_machine == 'AMD64' or platform_machine == 'aarch64' or platform_machine == 'amd64' or platform_machine == 'arm64' or platform_machine == 'x86_64'
    # via huggingface-hub
httpcore==1.0.9
    # via httpx
httpcore2==2.13.0 ; sys_platform != 'emscripten'
    # via httpx2
httpx==0.28.1
    # via
    #   google-genai
    #   huggingface-hub
    #   langchain-core
    #   langgraph-sdk
    #   lark-oapi
httpx2==2.13.0
    # via
    #   anthropic
    #   langsmith
    #   openai
httpx2-jsfetch==1.0 ; sys_platform == 'emscripten'
    # via httpx2
huggingface-hub==1.28.0
    # via
    #   faster-whisper
    #   tokenizers
idna==3.18
    # via
    #   anyio
    #   httpx
    #   httpx2
    #   requests
jiter==0.17.0
    # via
    #   anthropic
    #   openai
jsonpatch==1.33
    # via langchain-core
jsonpointer==3.1.1
    # via jsonpatch
langchain==1.4.1
    # via deepagents
langchain-anthropic==1.7.2
    # via deepagents
langchain-core==1.6.3
    # via
    #   deepagents
    #   langchain
    #   langchain-anthropic
    #   langchain-google-genai
    #   langchain-openai
    #   langgraph
    #   langgraph-checkpoint
    #   langgraph-prebuilt
    #   langgraph-sdk
langchain-google-genai==4.4.0
    # via deepagents
langchain-openai==1.6.2
    # via -r apps/desktop/runtime-requirements.in
langchain-protocol==0.0.19
    # via
    #   langchain-core
    #   langgraph-sdk
langgraph==1.2.11
    # via langchain
langgraph-checkpoint==4.2.0
    # via
    #   langgraph
    #   langgraph-checkpoint-sqlite
    #   langgraph-prebuilt
langgraph-checkpoint-sqlite==3.1.1
    # via -r apps/desktop/runtime-requirements.in
langgraph-prebuilt==1.1.0
    # via langgraph
langgraph-sdk==0.4.4
    # via langgraph
langsmith==0.12.6
    # via
    #   deepagents
    #   langchain-core
lark-oapi==1.7.1
    # via -r apps/desktop/runtime-requirements.in
numpy==2.4.6
    # via
    #   -r apps/desktop/runtime-requirements.in
    #   ctranslate2
    #   onnxruntime
    #   opencv-python
    #   scenedetect
    #   scipy
onnxruntime==1.29.0
    # via faster-whisper
openai==3.15.0
    # via langchain-openai
opencv-python==5.0.0.93
    # via scenedetect
orjson==3.12.0
    # via
    #   langgraph-sdk
    #   langsmith
ormsgpack==1.12.2
    # via langgraph-checkpoint
packaging==26.3
    # via
    #   deepagents
    #   huggingface-hub
    #   langchain-core
    #   langsmith
    #   onnxruntime
pillow==11.3.0
    # via -r apps/desktop/runtime-requirements.in
platformdirs==4.11.4
    # via scenedetect
playwright==1.62.0
    # via -r apps/desktop/runtime-requirements.in
protobuf==7.35.1
    # via onnxruntime
pyasn1==0.6.4
    # via pyasn1-modules
pyasn1-modules==0.4.2
    # via google-auth
pycparser==3.0 ; implementation_name != 'PyPy' and platform_python_implementation != 'PyPy'
    # via cffi
pycryptodome==3.23.0
    # via lark-oapi
pydantic==2.13.4
    # via
    #   anthropic
    #   fastapi
    #   google-genai
    #   langchain
    #   langchain-anthropic
    #   langchain-core
    #   langchain-google-genai
    #   langgraph
    #   langsmith
    #   openai
pydantic-core==2.46.4
    # via pydantic
pyee==13.0.1
    # via playwright
pytz==2026.3.post1
    # via tos
pyyaml==6.0.3
    # via
    #   -r apps/desktop/runtime-requirements.in
    #   ctranslate2
    #   huggingface-hub
    #   langchain-core
qrcode==8.2
    # via -r apps/desktop/runtime-requirements.in
regex==2026.9.10
    # via tiktoken
requests==2.34.2
    # via
    #   google-auth
    #   google-genai
    #   langsmith
    #   lark-oapi
    #   requests-toolbelt
    #   tiktoken
    #   tos
requests-toolbelt==1.0.0
    # via
    #   langsmith
    #   lark-oapi
scenedetect==0.7.1
    # via -r apps/desktop/runtime-requirements.in
scipy==1.17.1
    # via -r apps/desktop/runtime-requirements.in
setuptools==84.0.0
    # via ctranslate2
six==1.17.0
    # via tos
sniffio==1.3.1
    # via
    #   anthropic
    #   google-genai
    #   langsmith
    #   openai
sqlite-vec==0.1.9
    # via langgraph-checkpoint-sqlite
starlette==1.3.1
    # via fastapi
tenacity==9.1.4
    # via
    #   google-genai
    #   langchain-core
tiktoken==0.14.0
    # via langchain-openai
tokenizers==0.23.1
    # via faster-whisper
tos==2.9.2
    # via -r apps/desktop/runtime-requirements.in
tqdm==4.70.0
    # via
    #   faster-whisper
    #   huggingface-hub
    #   scenedetect
truststore==0.10.4 ; sys_platform != 'emscripten'
    # via
    #   httpcore2
    #   httpx2
typing-extensions==4.16.0
    # via
    #   anthropic
    #   anyio
    #   fastapi
    #   google-genai
    #   httpx2
    #   huggingface-hub
    #   langchain-core
    #   langchain-protocol
    #   langsmith
    #   openai
    #   pydantic
    #   pydantic-core
    #   pyee
    #   starlette
    #   typing-inspection
typing-inspection==0.4.2
    # via
    #   fastapi
    #   pydantic
urllib3==2.7.0
    # via requests
uuid-utils==0.17.1
    # via
    #   langchain-core
    #   langsmith
uvicorn==0.51.0
    # via -r apps/desktop/runtime-requirements.in
wcmatch==11.0.1
    # via deepagents
websockets==15.0.1
    # via
    #   google-genai
    #   langgraph-sdk
    #   langsmith
    #   lark-oapi
wrapt==1.16.0
    # via
    #   deprecated
    #   tos
xxhash==4.0.1
    # via
    #   langgraph
    #   langsmith
yt-dlp==2026.7.4
    # via -r apps/desktop/runtime-requirements.in
zstandard==0.25.0
    # via langsmith
